
Microsoft Visual Studio Solution File, Format Version 12.00
# Visual Studio for Mac
Project("{FAE04EC0-301F-11D3-BF4B-00C04F79EFBC}") = "Assembly-CSharp", "Assembly-CSharp.csproj", "{D2374E40-8B97-1798-7529-AA89761BB729}"
EndProject
Project("{FAE04EC0-301F-11D3-BF4B-00C04F79EFBC}") = "Assembly-CSharp-firstpass", "Assembly-CSharp-firstpass.csproj", "{5EBC8C4D-F76F-D483-4657-AABB32DDE029}"
EndProject
Project("{FAE04EC0-301F-11D3-BF4B-00C04F79EFBC}") = "Assembly-CSharp-Editor", "Assembly-CSharp-Editor.csproj", "{04AD995C-640E-367E-A8E1-6C043CC65701}"
EndProject
Global
	GlobalSection(SolutionConfigurationPlatforms) = preSolution
		Debug|Any CPU = Debug|Any CPU
		Release|Any CPU = Release|Any CPU
	EndGlobalSection
	GlobalSection(ProjectConfigurationPlatforms) = postSolution
		{D2374E40-8B97-1798-7529-AA89761BB729}.Debug|Any CPU.ActiveCfg = Debug|Any CPU
		{D2374E40-8B97-1798-7529-AA89761BB729}.Debug|Any CPU.Build.0 = Debug|Any CPU
		{D2374E40-8B97-1798-7529-AA89761BB729}.Release|Any CPU.ActiveCfg = Release|Any CPU
		{D2374E40-8B97-1798-7529-AA89761BB729}.Release|Any CPU.Build.0 = Release|Any CPU
		{5EBC8C4D-F76F-D483-4657-AABB32DDE029}.Debug|Any CPU.ActiveCfg = Debug|Any CPU
		{5EBC8C4D-F76F-D483-4657-AABB32DDE029}.Debug|Any CPU.Build.0 = Debug|Any CPU
		{5EBC8C4D-F76F-D483-4657-AABB32DDE029}.Release|Any CPU.ActiveCfg = Release|Any CPU
		{5EBC8C4D-F76F-D483-4657-AABB32DDE029}.Release|Any CPU.Build.0 = Release|Any CPU
		{04AD995C-640E-367E-A8E1-6C043CC65701}.Debug|Any CPU.ActiveCfg = Debug|Any CPU
		{04AD995C-640E-367E-A8E1-6C043CC65701}.Debug|Any CPU.Build.0 = Debug|Any CPU
		{04AD995C-640E-367E-A8E1-6C043CC65701}.Release|Any CPU.ActiveCfg = Release|Any CPU
		{04AD995C-640E-367E-A8E1-6C043CC65701}.Release|Any CPU.Build.0 = Release|Any CPU
	EndGlobalSection
	GlobalSection(SolutionProperties) = preSolution
		HideSolutionNode = FALSE
	EndGlobalSection
EndGlobal
