
Microsoft Visual Studio Solution File, Format Version 12.00
# Visual Studio for Mac
Project("{FAE04EC0-301F-11D3-BF4B-00C04F79EFBC}") = "music2", "Assembly-CSharp.csproj", "{C03EAAB0-9409-6FFC-A092-A64A96973F67}"
EndProject
Project("{FAE04EC0-301F-11D3-BF4B-00C04F79EFBC}") = "music2", "Assembly-CSharp-Editor.csproj", "{D29E1680-EAE1-B81C-26C4-3995F02B08AA}"
EndProject
Global
	GlobalSection(SolutionConfigurationPlatforms) = preSolution
		Debug|Any CPU = Debug|Any CPU
		Release|Any CPU = Release|Any CPU
	EndGlobalSection
	GlobalSection(ProjectConfigurationPlatforms) = postSolution
		{C03EAAB0-9409-6FFC-A092-A64A96973F67}.Debug|Any CPU.ActiveCfg = Debug|Any CPU
		{C03EAAB0-9409-6FFC-A092-A64A96973F67}.Debug|Any CPU.Build.0 = Debug|Any CPU
		{C03EAAB0-9409-6FFC-A092-A64A96973F67}.Release|Any CPU.ActiveCfg = Release|Any CPU
		{C03EAAB0-9409-6FFC-A092-A64A96973F67}.Release|Any CPU.Build.0 = Release|Any CPU
		{D29E1680-EAE1-B81C-26C4-3995F02B08AA}.Debug|Any CPU.ActiveCfg = Debug|Any CPU
		{D29E1680-EAE1-B81C-26C4-3995F02B08AA}.Debug|Any CPU.Build.0 = Debug|Any CPU
		{D29E1680-EAE1-B81C-26C4-3995F02B08AA}.Release|Any CPU.ActiveCfg = Release|Any CPU
		{D29E1680-EAE1-B81C-26C4-3995F02B08AA}.Release|Any CPU.Build.0 = Release|Any CPU
	EndGlobalSection
	GlobalSection(SolutionProperties) = preSolution
		HideSolutionNode = FALSE
	EndGlobalSection
EndGlobal
